
Microsoft Visual Studio Solution File, Format Version 12.00
# Visual Studio Version 17
VisualStudioVersion = 17.6.33927.249
MinimumVisualStudioVersion = 10.0.40219.1
Project("{9A19103F-16F7-4668-BE54-9A1E7A4F7556}") = "Tests", "Tests\Tests.csproj", "{05D847A4-1EB2-4381-919A-01DDC3E3DA17}"
EndProject
Project("{9A19103F-16F7-4668-BE54-9A1E7A4F7556}") = "TopInterview150", "TopInterview150\TopInterview150.csproj", "{89F30F36-51BF-4AD4-B961-CF1E98946EB8}"
EndProject
Global
	GlobalSection(SolutionConfigurationPlatforms) = preSolution
		Debug|Any CPU = Debug|Any CPU
		Release|Any CPU = Release|Any CPU
	EndGlobalSection
	GlobalSection(ProjectConfigurationPlatforms) = postSolution
		{05D847A4-1EB2-4381-919A-01DDC3E3DA17}.Debug|Any CPU.ActiveCfg = Debug|Any CPU
		{05D847A4-1EB2-4381-919A-01DDC3E3DA17}.Debug|Any CPU.Build.0 = Debug|Any CPU
		{05D847A4-1EB2-4381-919A-01DDC3E3DA17}.Release|Any CPU.ActiveCfg = Release|Any CPU
		{05D847A4-1EB2-4381-919A-01DDC3E3DA17}.Release|Any CPU.Build.0 = Release|Any CPU
		{89F30F36-51BF-4AD4-B961-CF1E98946EB8}.Debug|Any CPU.ActiveCfg = Debug|Any CPU
		{89F30F36-51BF-4AD4-B961-CF1E98946EB8}.Debug|Any CPU.Build.0 = Debug|Any CPU
		{89F30F36-51BF-4AD4-B961-CF1E98946EB8}.Release|Any CPU.ActiveCfg = Release|Any CPU
		{89F30F36-51BF-4AD4-B961-CF1E98946EB8}.Release|Any CPU.Build.0 = Release|Any CPU
	EndGlobalSection
	GlobalSection(SolutionProperties) = preSolution
		HideSolutionNode = FALSE
	EndGlobalSection
	GlobalSection(ExtensibilityGlobals) = postSolution
		SolutionGuid = {3C366384-EAAF-4DC3-86B4-40BB9EDB6D47}
	EndGlobalSection
EndGlobal
